
Microsoft Visual Studio Solution File, Format Version 12.00
# Visual Studio Version 17
VisualStudioVersion = 17.2.32630.192
MinimumVisualStudioVersion = 10.0.40219.1
Project("{FAE04EC0-301F-11D3-BF4B-00C04F79EFBC}") = "CenterBookingsDatabase", "CenterBookingsDatabase\CenterBookingsDatabase.csproj", "{26214CD6-446F-40AC-B8B8-F4A4A3307B00}"
EndProject
Project("{FAE04EC0-301F-11D3-BF4B-00C04F79EFBC}") = "Website Frontend", "Website Frontend\Website Frontend.csproj", "{21472CC5-1D7C-4888-AF3A-F76A0A5A82C7}"
EndProject
Global
	GlobalSection(SolutionConfigurationPlatforms) = preSolution
		Debug|Any CPU = Debug|Any CPU
		Release|Any CPU = Release|Any CPU
	EndGlobalSection
	GlobalSection(ProjectConfigurationPlatforms) = postSolution
		{26214CD6-446F-40AC-B8B8-F4A4A3307B00}.Debug|Any CPU.ActiveCfg = Debug|Any CPU
		{26214CD6-446F-40AC-B8B8-F4A4A3307B00}.Debug|Any CPU.Build.0 = Debug|Any CPU
		{26214CD6-446F-40AC-B8B8-F4A4A3307B00}.Release|Any CPU.ActiveCfg = Release|Any CPU
		{26214CD6-446F-40AC-B8B8-F4A4A3307B00}.Release|Any CPU.Build.0 = Release|Any CPU
		{21472CC5-1D7C-4888-AF3A-F76A0A5A82C7}.Debug|Any CPU.ActiveCfg = Debug|Any CPU
		{21472CC5-1D7C-4888-AF3A-F76A0A5A82C7}.Debug|Any CPU.Build.0 = Debug|Any CPU
		{21472CC5-1D7C-4888-AF3A-F76A0A5A82C7}.Release|Any CPU.ActiveCfg = Release|Any CPU
		{21472CC5-1D7C-4888-AF3A-F76A0A5A82C7}.Release|Any CPU.Build.0 = Release|Any CPU
	EndGlobalSection
	GlobalSection(SolutionProperties) = preSolution
		HideSolutionNode = FALSE
	EndGlobalSection
	GlobalSection(ExtensibilityGlobals) = postSolution
		SolutionGuid = {A2129CA7-E350-4696-958E-35CAD147B6CE}
	EndGlobalSection
EndGlobal
